{
  "version": "2",
  "remote": {
    "https://deno.land/std@0.111.0/_util/assert.ts": "2f868145a042a11d5ad0a3c748dcf580add8a0dbc0e876eaa0026303a5488f58",
    "https://deno.land/std@0.111.0/_util/os.ts": "dfb186cc4e968c770ab6cc3288bd65f4871be03b93beecae57d657232ecffcac",
    "https://deno.land/std@0.111.0/bytes/bytes_list.ts": "3bff6a09c72b2e0b1e92e29bd3b135053894196cca07a2bba842901073efe5cb",
    "https://deno.land/std@0.111.0/bytes/equals.ts": "69f55fdbd45c71f920c1a621e6c0865dc780cd8ae34e0f5e55a9497b70c31c1b",
    "https://deno.land/std@0.111.0/bytes/mod.ts": "fedb80b8da2e7ad8dd251148e65f92a04c73d6c5a430b7d197dc39588c8dda6f",
    "https://deno.land/std@0.111.0/fmt/colors.ts": "8368ddf2d48dfe413ffd04cdbb7ae6a1009cf0dccc9c7ff1d76259d9c61a0621",
    "https://deno.land/std@0.111.0/fs/_util.ts": "f2ce811350236ea8c28450ed822a5f42a0892316515b1cd61321dec13569c56b",
    "https://deno.land/std@0.111.0/fs/ensure_dir.ts": "b7c103dc41a3d1dbbb522bf183c519c37065fdc234831a4a0f7d671b1ed5fea7",
    "https://deno.land/std@0.111.0/hash/sha256.ts": "bd85257c68d1fdd9da8457284c4fbb04efa9f4f2229b5f41a638d5b71a3a8d5c",
    "https://deno.land/std@0.111.0/io/buffer.ts": "fdf93ba9e5d20ff3369e2c42443efd89131f8a73066f7f59c033cc588a0e2cfe",
    "https://deno.land/std@0.111.0/io/types.d.ts": "89a27569399d380246ca7cdd9e14d5e68459f11fb6110790cc5ecbd4ee7f3215",
    "https://deno.land/std@0.111.0/path/_constants.ts": "1247fee4a79b70c89f23499691ef169b41b6ccf01887a0abd131009c5581b853",
    "https://deno.land/std@0.111.0/path/_interface.ts": "1fa73b02aaa24867e481a48492b44f2598cd9dfa513c7b34001437007d3642e4",
    "https://deno.land/std@0.111.0/path/_util.ts": "2e06a3b9e79beaf62687196bd4b60a4c391d862cfa007a20fc3a39f778ba073b",
    "https://deno.land/std@0.111.0/path/common.ts": "f41a38a0719a1e85aa11c6ba3bea5e37c15dd009d705bd8873f94c833568cbc4",
    "https://deno.land/std@0.111.0/path/glob.ts": "ea87985765b977cc284b92771003b2070c440e0807c90e1eb0ff3e095911a820",
    "https://deno.land/std@0.111.0/path/mod.ts": "4465dc494f271b02569edbb4a18d727063b5dbd6ed84283ff906260970a15d12",
    "https://deno.land/std@0.111.0/path/posix.ts": "34349174b9cd121625a2810837a82dd8b986bbaaad5ade690d1de75bbb4555b2",
    "https://deno.land/std@0.111.0/path/separator.ts": "8fdcf289b1b76fd726a508f57d3370ca029ae6976fcde5044007f062e643ff1c",
    "https://deno.land/std@0.111.0/path/win32.ts": "11549e8c6df8307a8efcfa47ad7b2a75da743eac7d4c89c9723a944661c8bd2e",
    "https://deno.land/std@0.111.0/streams/conversion.ts": "fe0059ed9d3c53eda4ba44eb71a6a9acb98c5fdb5ba1b6c6ab28004724c7641b",
    "https://deno.land/std@0.117.0/fmt/colors.ts": "8368ddf2d48dfe413ffd04cdbb7ae6a1009cf0dccc9c7ff1d76259d9c61a0621",
    "https://deno.land/std@0.117.0/testing/_diff.ts": "e6a10d2aca8d6c27a9c5b8a2dbbf64353874730af539707b5b39d4128140642d",
    "https://deno.land/std@0.117.0/testing/asserts.ts": "a1fef0239a2c343b0baa49c77dcdd7412613c46f3aba2887c331a2d7ed1f645e",
    "https://deno.land/std@0.140.0/_util/assert.ts": "e94f2eb37cebd7f199952e242c77654e43333c1ac4c5c700e929ea3aa5489f74",
    "https://deno.land/std@0.140.0/_util/os.ts": "3b4c6e27febd119d36a416d7a97bd3b0251b77c88942c8f16ee5953ea13e2e49",
    "https://deno.land/std@0.140.0/fs/_util.ts": "0fb24eb4bfebc2c194fb1afdb42b9c3dda12e368f43e8f2321f84fc77d42cb0f",
    "https://deno.land/std@0.140.0/fs/ensure_dir.ts": "9dc109c27df4098b9fc12d949612ae5c9c7169507660dcf9ad90631833209d9d",
    "https://deno.land/std@0.140.0/fs/expand_glob.ts": "0c10130d67c9b02164b03df8e43c6d6defbf8e395cb69d09e84a8586e6d72ac3",
    "https://deno.land/std@0.140.0/fs/walk.ts": "117403ccd21fd322febe56ba06053b1ad5064c802170f19b1ea43214088fe95f",
    "https://deno.land/std@0.140.0/path/_constants.ts": "df1db3ffa6dd6d1252cc9617e5d72165cd2483df90e93833e13580687b6083c3",
    "https://deno.land/std@0.140.0/path/_interface.ts": "ee3b431a336b80cf445441109d089b70d87d5e248f4f90ff906820889ecf8d09",
    "https://deno.land/std@0.140.0/path/_util.ts": "c1e9686d0164e29f7d880b2158971d805b6e0efc3110d0b3e24e4b8af2190d2b",
    "https://deno.land/std@0.140.0/path/common.ts": "bee563630abd2d97f99d83c96c2fa0cca7cee103e8cb4e7699ec4d5db7bd2633",
    "https://deno.land/std@0.140.0/path/glob.ts": "cb5255638de1048973c3e69e420c77dc04f75755524cb3b2e160fe9277d939ee",
    "https://deno.land/std@0.140.0/path/mod.ts": "d3e68d0abb393fb0bf94a6d07c46ec31dc755b544b13144dee931d8d5f06a52d",
    "https://deno.land/std@0.140.0/path/posix.ts": "293cdaec3ecccec0a9cc2b534302dfe308adb6f10861fa183275d6695faace44",
    "https://deno.land/std@0.140.0/path/separator.ts": "fe1816cb765a8068afb3e8f13ad272351c85cbc739af56dacfc7d93d710fe0f9",
    "https://deno.land/std@0.140.0/path/win32.ts": "31811536855e19ba37a999cd8d1b62078235548d67902ece4aa6b814596dd757",
    "https://deno.land/std@0.143.0/_util/assert.ts": "e94f2eb37cebd7f199952e242c77654e43333c1ac4c5c700e929ea3aa5489f74",
    "https://deno.land/std@0.143.0/_util/os.ts": "3b4c6e27febd119d36a416d7a97bd3b0251b77c88942c8f16ee5953ea13e2e49",
    "https://deno.land/std@0.143.0/fmt/colors.ts": "30455035d6d728394781c10755351742dd731e3db6771b1843f9b9e490104d37",
    "https://deno.land/std@0.143.0/fs/empty_dir.ts": "7274d87160de34cbed0531e284df383045cf43543bbeadeb97feac598bd8f3c5",
    "https://deno.land/std@0.143.0/fs/expand_glob.ts": "0c10130d67c9b02164b03df8e43c6d6defbf8e395cb69d09e84a8586e6d72ac3",
    "https://deno.land/std@0.143.0/fs/walk.ts": "117403ccd21fd322febe56ba06053b1ad5064c802170f19b1ea43214088fe95f",
    "https://deno.land/std@0.143.0/path/_constants.ts": "df1db3ffa6dd6d1252cc9617e5d72165cd2483df90e93833e13580687b6083c3",
    "https://deno.land/std@0.143.0/path/_interface.ts": "ee3b431a336b80cf445441109d089b70d87d5e248f4f90ff906820889ecf8d09",
    "https://deno.land/std@0.143.0/path/_util.ts": "c1e9686d0164e29f7d880b2158971d805b6e0efc3110d0b3e24e4b8af2190d2b",
    "https://deno.land/std@0.143.0/path/common.ts": "bee563630abd2d97f99d83c96c2fa0cca7cee103e8cb4e7699ec4d5db7bd2633",
    "https://deno.land/std@0.143.0/path/glob.ts": "cb5255638de1048973c3e69e420c77dc04f75755524cb3b2e160fe9277d939ee",
    "https://deno.land/std@0.143.0/path/mod.ts": "d3e68d0abb393fb0bf94a6d07c46ec31dc755b544b13144dee931d8d5f06a52d",
    "https://deno.land/std@0.143.0/path/posix.ts": "293cdaec3ecccec0a9cc2b534302dfe308adb6f10861fa183275d6695faace44",
    "https://deno.land/std@0.143.0/path/separator.ts": "fe1816cb765a8068afb3e8f13ad272351c85cbc739af56dacfc7d93d710fe0f9",
    "https://deno.land/std@0.143.0/path/win32.ts": "31811536855e19ba37a999cd8d1b62078235548d67902ece4aa6b814596dd757",
    "https://deno.land/std@0.156.0/testing/_test_suite.ts": "2d07073d5460a4e3ec50c55ae822cd9bd136926d7363091379947fef9c73c3e4",
    "https://deno.land/std@0.156.0/testing/bdd.ts": "35060cefd9cc21b414f4d89453b3551a3d52ec50aeff25db432503c5485b2f72",
    "https://deno.land/std@0.160.0/fmt/colors.ts": "9e36a716611dcd2e4865adea9c4bec916b5c60caad4cdcdc630d4974e6bb8bd4",
    "https://deno.land/std@0.160.0/testing/_diff.ts": "a23e7fc2b4d8daa3e158fa06856bedf5334ce2a2831e8bf9e509717f455adb2c",
    "https://deno.land/std@0.160.0/testing/_format.ts": "cd11136e1797791045e639e9f0f4640d5b4166148796cad37e6ef75f7d7f3832",
    "https://deno.land/std@0.160.0/testing/asserts.ts": "1e340c589853e82e0807629ba31a43c84ebdcdeca910c4a9705715dfdb0f5ce8",
    "https://deno.land/x/code_block_writer@11.0.0/comment_char.ts": "22b66890bbdf7a2d59777ffd8231710c1fda1c11fadada67632a596937a1a314",
    "https://deno.land/x/code_block_writer@11.0.0/mod.ts": "dc43d56c3487bae02886a09754fb09c607da4ea866817e80f3e60632f3391d70",
    "https://deno.land/x/code_block_writer@11.0.0/utils/string_utils.ts": "60cb4ec8bd335bf241ef785ccec51e809d576ff8e8d29da43d2273b69ce2a6ff",
    "https://deno.land/x/deno_cache@0.2.1/auth_tokens.ts": "01b94d25abd974153a3111653998b9a43c66d84a0e4b362fc5f4bbbf40a6e0f7",
    "https://deno.land/x/deno_cache@0.2.1/cache.ts": "67e301c20161546fea45405316314f4c3d85cc7a367b2fb72042903f308f55b7",
    "https://deno.land/x/deno_cache@0.2.1/deno_dir.ts": "e4dc68da5641aa337bcc06fb1df28fcb086b366dcbea7d8aaed7ac7c853fedb1",
    "https://deno.land/x/deno_cache@0.2.1/deps.ts": "2ebaba0ad86fff8b9027c6afd4c3909a17cd8bf8c9e263151c980c15c56a18ee",
    "https://deno.land/x/deno_cache@0.2.1/dirs.ts": "e07003fabed7112375d4a50040297aae768f9d06bb6c2655ca46880653b576b4",
    "https://deno.land/x/deno_cache@0.2.1/disk_cache.ts": "d7a361f0683a032bcca28513a7bbedc28c77cfcc6719e6f6cea156c0ff1108df",
    "https://deno.land/x/deno_cache@0.2.1/file_fetcher.ts": "352702994c190c45215f3b8086621e117e88bc2174b020faefb5eca653d71d6a",
    "https://deno.land/x/deno_cache@0.2.1/http_cache.ts": "af1500149496e2d0acadec24569e2a9c86a3f600cceef045dcf6f5ce8de72b3a",
    "https://deno.land/x/deno_cache@0.2.1/mod.ts": "709ab9d1068be5fd77b020b33e7a9394f1e9b453553b1e2336b72c90283cf3c0",
    "https://deno.land/x/deno_cache@0.2.1/util.ts": "652479928551259731686686ff2df6f26bc04e8e4d311137b2bf3bc10f779f48",
    "https://deno.land/x/deno_graph@0.6.0/lib/deno_graph.generated.js": "3e1cccd6376d4ad0ea789d66aa0f6b19f737fa8da37b5e6185ef5c269c974f54",
    "https://deno.land/x/deno_graph@0.6.0/lib/loader.ts": "13a11c1dea0d85e0ad211be77217b8c06138bbb916afef6f50a04cca415084a9",
    "https://deno.land/x/deno_graph@0.6.0/lib/media_type.ts": "36be751aa63d6ae36475b90dca5fae8fd7c3a77cf13684c48cf23a85ee607b31",
    "https://deno.land/x/deno_graph@0.6.0/lib/snippets/deno_graph-1c138d6136337537/src/deno_apis.js": "f13f2678d875372cf8489ceb7124623a39fa5bf8de8ee1ec722dbb2ec5ec7845",
    "https://deno.land/x/deno_graph@0.6.0/lib/types.d.ts": "68cb232e02a984658b40ffaf6cafb979a06fbfdce7f5bd4c7a83ed1a32a07687",
    "https://deno.land/x/deno_graph@0.6.0/mod.ts": "8fe3d39bdcb273adfb41a0bafbbaabec4c6fe6c611b47fed8f46f218edb37e8e",
    "https://deno.land/x/deno_qs@0.0.1/mod.ts": "401b4b0379598ea7f6fe1aebe79f865be68ac140b3a7485984c1301d3b766dd0",
    "https://deno.land/x/deno_qs@0.0.1/qs.d.ts": "c236451df6139a965bb9b8fba15a43a8bebf4400ca589998e2bdc5e1291fa0f9",
    "https://deno.land/x/dnt@0.31.0/lib/compiler.ts": "66312edd9d2544b6bc11dd0e9a615c6d0bf1beed7c9f9851521788009a9c04c9",
    "https://deno.land/x/dnt@0.31.0/lib/compiler_transforms.ts": "316c24175fe6a5d7ac6bb1dd44d14ef8010ea5773a3ac918db4d64f986402d8b",
    "https://deno.land/x/dnt@0.31.0/lib/mod.deps.ts": "ab9c978aefd41d279e7cb6b540e0d874c2f6a8a97228bbcaa8d69e2e57956ef5",
    "https://deno.land/x/dnt@0.31.0/lib/npm_ignore.ts": "ec1a4ca32c5c652c931635632c8fe0e5c8d6c20ab33518a3038fde9163f6da95",
    "https://deno.land/x/dnt@0.31.0/lib/package_json.ts": "c4fe0f157508ccf46cc2876c104345bba9012a6793c66142dffaf18c9ca72daa",
    "https://deno.land/x/dnt@0.31.0/lib/pkg/dnt_wasm.generated.js": "154c30397dcbed6879b8d12eddf6611b2d57ef88eb4dc955c0f3b8c6bf13c9c8",
    "https://deno.land/x/dnt@0.31.0/lib/pkg/snippets/dnt-wasm-a15ef721fa5290c5/helpers.js": "2f623f83602d4fbb30caa63444b10e35b45e9c2b267e49585ec9bb790a4888d8",
    "https://deno.land/x/dnt@0.31.0/lib/shims.ts": "2649c730625c7f231de32120bdb8f237b26f44910b253cabe2ec60e6421b7656",
    "https://deno.land/x/dnt@0.31.0/lib/test_runner/get_test_runner_code.ts": "b3682b1a34fc39840dd765e993523efdc97e004186c631de6a2d1c6cec3ebe45",
    "https://deno.land/x/dnt@0.31.0/lib/test_runner/test_runner.ts": "424589c9db2d5bbcb5c37190fe2676c9a9239e5a6ae8c4c4c22294e376b5de6d",
    "https://deno.land/x/dnt@0.31.0/lib/transform.deps.ts": "c0c3cb56f4dbda74aa6f58d9ae9e8d870accc8d41647396f2634b0a14027b393",
    "https://deno.land/x/dnt@0.31.0/lib/types.ts": "8506b5ced3921a6ac2a1d5a2bb381bfdbf818c68207f14a1a1fffbf48ee95886",
    "https://deno.land/x/dnt@0.31.0/lib/utils.ts": "d2681d634dfa6bd4ad2a32ad15bd419f6f1f895e06c0bf479455fbf1c5f49cd9",
    "https://deno.land/x/dnt@0.31.0/mod.ts": "837d24f488fb2f80d4ec6882e85ca0bd41bcb351d23b44132d3840ef2eff8069",
    "https://deno.land/x/dnt@0.31.0/transform.ts": "a5f81749ecc145af0730e348d5bb3b9b9c7b922822453561feecbdb0d5462b34",
    "https://deno.land/x/ts_morph@15.1.0/bootstrap/mod.ts": "b53aad517f106c4079971fcd4a81ab79fadc40b50061a3ab2b741a09119d51e9",
    "https://deno.land/x/ts_morph@15.1.0/bootstrap/ts_morph_bootstrap.d.ts": "2be47f54ceb6ef524ed0e2e9f80776d93276a1edadfa2191680927dadd3ccd76",
    "https://deno.land/x/ts_morph@15.1.0/bootstrap/ts_morph_bootstrap.js": "e0d65e4c209038948221437bad543df2092c93f76ab76c60eb203e9f108a793a",
    "https://deno.land/x/ts_morph@15.1.0/common/DenoRuntime.ts": "669067e3f7235d554c7dcf9ec4f115b68ad8144488d99cfd04ea8c80461d9215",
    "https://deno.land/x/ts_morph@15.1.0/common/mod.ts": "01985d2ee7da8d1caee318a9d07664774fbee4e31602bc2bb6bb62c3489555ed",
    "https://deno.land/x/ts_morph@15.1.0/common/ts_morph_common.d.ts": "f0099d5cc0c87ace014a72307c90c388bcfb2b4a4986af03b2b5ec5b92e28387",
    "https://deno.land/x/ts_morph@15.1.0/common/ts_morph_common.js": "e43476019b9c74ca9116eb82b97a14e6bc2d1bba55b0575d933d98069c0c0c37",
    "https://deno.land/x/ts_morph@15.1.0/common/typescript.d.ts": "3fa86a2c33804b6a4221dda3714a6a2f8a2f26983ea6c63d2bf6f2839fbb778a",
    "https://deno.land/x/ts_morph@15.1.0/common/typescript.js": "4d7a5d2090a2ba739c02207bd8c49a60c9475dea7725a9cabfaf0f26cbf85f53",
    "https://deno.land/x/zod@v3.19.1/ZodError.ts": "bd013373ed0cb47621d18df2abb8709a231166806821d76a84d31cad7068379e",
    "https://deno.land/x/zod@v3.19.1/errors.ts": "5285922d2be9700cc0c70c95e4858952b07ae193aa0224be3cbd5cd5567eabef",
    "https://deno.land/x/zod@v3.19.1/external.ts": "584f70718e55ae2660d18a552f9c3a5d022f8153aa43e6537f2c2738d6808d42",
    "https://deno.land/x/zod@v3.19.1/helpers/enumUtil.ts": "54efc393cc9860e687d8b81ff52e980def00fa67377ad0bf8b3104f8a5bf698c",
    "https://deno.land/x/zod@v3.19.1/helpers/errorUtil.ts": "7a77328240be7b847af6de9189963bd9f79cab32bbc61502a9db4fe6683e2ea7",
    "https://deno.land/x/zod@v3.19.1/helpers/parseUtil.ts": "920a5623929a4be9110412f82d16ccda537a58e153c942a6d6b8a38329f293a1",
    "https://deno.land/x/zod@v3.19.1/helpers/partialUtil.ts": "8dc921a02b47384cf52217c7e539268daf619f89319b75bdf13ea178815725df",
    "https://deno.land/x/zod@v3.19.1/helpers/typeAliases.ts": "a1a8d039eb98925f242f5ea1e21e6d3cabd7f05e9747680165c914695c979b4f",
    "https://deno.land/x/zod@v3.19.1/helpers/util.ts": "27765b9fbf843da59fcc16dccd6478976051b483769ec8e8376ac051bbac4a02",
    "https://deno.land/x/zod@v3.19.1/index.ts": "035a7422d9f2be54daa0fe464254b69225b443000673e4794095d672471e8792",
    "https://deno.land/x/zod@v3.19.1/locales/en.ts": "152ea350b7df6ce14f2806fc8c0972f56c9b2de6a3dd1129795287f50dee4374",
    "https://deno.land/x/zod@v3.19.1/mod.ts": "64e55237cb4410e17d968cd08975566059f27638ebb0b86048031b987ba251c4",
    "https://deno.land/x/zod@v3.19.1/types.ts": "ab062fe1640d2172f49ca593fb325a22f8927145201f29b02b62353c79db2501",
    "https://jspm.dev/npm:qs@6.9.6!cjs": "7c69dedbf1ffc1c874a57fa3dedf919dc8be49b5b52e192c8c614c4cb9538052",
    "https://jspm.dev/npm:qs@6.9.6/_/57cc307c.js": "640f7bd496d419226d51283d980f4666ad845c8b14a26412d0525287b256f4db",
    "https://jspm.dev/npm:qs@6.9.6/lib/parse!cjs": "b0c4597386bda8cf9de8af3aa98e0a65f5a309f9c8c81b7c5f7979c7de4839b6",
    "https://jspm.dev/npm:qs@6.9.6/lib/stringify!cjs": "7ed83e3ca52ebb09dbf98d86dac970293e1637aa75d27693306dd8a3dd36c353",
    "https://jspm.dev/qs@6.9.6": "7801d7fd6a481b6973a8b4688ec74a5b9641b6623de93b4e85e953c2c884881e"
  }
}
